
Microsoft Visual Studio Solution File, Format Version 12.00
# Visual Studio Version 18
VisualStudioVersion = 18.1.11312.151
MinimumVisualStudioVersion = 10.0.40219.1
Project("{9A19103F-16F7-4668-BE54-9A1E7A4F7556}") = "Neo", "Neo\Neo\Neo.csproj", "{E353A019-F154-4A68-8915-CEF2DA0EB7D3}"
EndProject
Project("{FAE04EC0-301F-11D3-BF4B-00C04F79EFBC}") = "NeoSoftware", "NeoSoftware\NeoSoftware.csproj", "{3099FEA3-9FBC-4CDA-AF90-645D661DCD3E}"
EndProject
Project("{9A19103F-16F7-4668-BE54-9A1E7A4F7556}") = "TestNeoSoftware", "TestNeoSoftware\TestNeoSoftware.csproj", "{1D35BE42-68B0-42B3-92FF-532426931AC9}"
EndProject
Project("{FAE04EC0-301F-11D3-BF4B-00C04F79EFBC}") = "NeoTelemetry.AppHost", "NeoTelemetry\NeoTelemetry.AppHost\NeoTelemetry.AppHost.csproj", "{97470C69-C560-4817-B1A5-9A8DD7DF05D6}"
EndProject
Project("{FAE04EC0-301F-11D3-BF4B-00C04F79EFBC}") = "NeoTelemetry.ServiceDefaults", "NeoTelemetry\NeoTelemetry.ServiceDefaults\NeoTelemetry.ServiceDefaults.csproj", "{30047279-01FA-E984-193F-8E3B89262411}"
EndProject
Project("{FAE04EC0-301F-11D3-BF4B-00C04F79EFBC}") = "NeoTelemetry.ApiService", "NeoTelemetry\NeoTelemetry.ApiService\NeoTelemetry.ApiService.csproj", "{EBCCBAEA-FF47-978B-6ECD-942954DEF889}"
EndProject
Project("{FAE04EC0-301F-11D3-BF4B-00C04F79EFBC}") = "NeoTelemetry.Web", "NeoTelemetry\NeoTelemetry.Web\NeoTelemetry.Web.csproj", "{808362F0-2C2E-317E-640E-63740628B557}"
EndProject
Project("{FAE04EC0-301F-11D3-BF4B-00C04F79EFBC}") = "NeoAndroidApp", "NeoAndroidApp\NeoAndroidApp.csproj", "{874AC5D8-73B2-D6ED-9667-B2B1C0CED6CC}"
EndProject
Project("{FAE04EC0-301F-11D3-BF4B-00C04F79EFBC}") = "NeoBenchmark", "NeoBenchmark\NeoBenchmark.csproj", "{9FDA4E62-5170-F93E-3A47-066D77260BA9}"
EndProject
Global
	GlobalSection(SolutionConfigurationPlatforms) = preSolution
		Debug|Any CPU = Debug|Any CPU
		Debug|iPhone = Debug|iPhone
		Debug|iPhoneSimulator = Debug|iPhoneSimulator
		Release|Any CPU = Release|Any CPU
		Release|iPhone = Release|iPhone
		Release|iPhoneSimulator = Release|iPhoneSimulator
	EndGlobalSection
	GlobalSection(ProjectConfigurationPlatforms) = postSolution
		{E353A019-F154-4A68-8915-CEF2DA0EB7D3}.Debug|Any CPU.ActiveCfg = Debug|Any CPU
		{E353A019-F154-4A68-8915-CEF2DA0EB7D3}.Debug|Any CPU.Build.0 = Debug|Any CPU
		{E353A019-F154-4A68-8915-CEF2DA0EB7D3}.Debug|iPhone.ActiveCfg = Debug|Any CPU
		{E353A019-F154-4A68-8915-CEF2DA0EB7D3}.Debug|iPhone.Build.0 = Debug|Any CPU
		{E353A019-F154-4A68-8915-CEF2DA0EB7D3}.Debug|iPhoneSimulator.ActiveCfg = Debug|Any CPU
		{E353A019-F154-4A68-8915-CEF2DA0EB7D3}.Debug|iPhoneSimulator.Build.0 = Debug|Any CPU
		{E353A019-F154-4A68-8915-CEF2DA0EB7D3}.Release|Any CPU.ActiveCfg = Release|Any CPU
		{E353A019-F154-4A68-8915-CEF2DA0EB7D3}.Release|Any CPU.Build.0 = Release|Any CPU
		{E353A019-F154-4A68-8915-CEF2DA0EB7D3}.Release|iPhone.ActiveCfg = Release|Any CPU
		{E353A019-F154-4A68-8915-CEF2DA0EB7D3}.Release|iPhone.Build.0 = Release|Any CPU
		{E353A019-F154-4A68-8915-CEF2DA0EB7D3}.Release|iPhoneSimulator.ActiveCfg = Release|Any CPU
		{E353A019-F154-4A68-8915-CEF2DA0EB7D3}.Release|iPhoneSimulator.Build.0 = Release|Any CPU
		{3099FEA3-9FBC-4CDA-AF90-645D661DCD3E}.Debug|Any CPU.ActiveCfg = Debug|Any CPU
		{3099FEA3-9FBC-4CDA-AF90-645D661DCD3E}.Debug|Any CPU.Build.0 = Debug|Any CPU
		{3099FEA3-9FBC-4CDA-AF90-645D661DCD3E}.Debug|Any CPU.Deploy.0 = Debug|Any CPU
		{3099FEA3-9FBC-4CDA-AF90-645D661DCD3E}.Debug|iPhone.ActiveCfg = Debug|Any CPU
		{3099FEA3-9FBC-4CDA-AF90-645D661DCD3E}.Debug|iPhone.Build.0 = Debug|Any CPU
		{3099FEA3-9FBC-4CDA-AF90-645D661DCD3E}.Debug|iPhone.Deploy.0 = Debug|Any CPU
		{3099FEA3-9FBC-4CDA-AF90-645D661DCD3E}.Debug|iPhoneSimulator.ActiveCfg = Debug|Any CPU
		{3099FEA3-9FBC-4CDA-AF90-645D661DCD3E}.Debug|iPhoneSimulator.Build.0 = Debug|Any CPU
		{3099FEA3-9FBC-4CDA-AF90-645D661DCD3E}.Debug|iPhoneSimulator.Deploy.0 = Debug|Any CPU
		{3099FEA3-9FBC-4CDA-AF90-645D661DCD3E}.Release|Any CPU.ActiveCfg = Release|Any CPU
		{3099FEA3-9FBC-4CDA-AF90-645D661DCD3E}.Release|Any CPU.Build.0 = Release|Any CPU
		{3099FEA3-9FBC-4CDA-AF90-645D661DCD3E}.Release|Any CPU.Deploy.0 = Release|Any CPU
		{3099FEA3-9FBC-4CDA-AF90-645D661DCD3E}.Release|iPhone.ActiveCfg = Release|Any CPU
		{3099FEA3-9FBC-4CDA-AF90-645D661DCD3E}.Release|iPhone.Build.0 = Release|Any CPU
		{3099FEA3-9FBC-4CDA-AF90-645D661DCD3E}.Release|iPhone.Deploy.0 = Release|Any CPU
		{3099FEA3-9FBC-4CDA-AF90-645D661DCD3E}.Release|iPhoneSimulator.ActiveCfg = Release|Any CPU
		{3099FEA3-9FBC-4CDA-AF90-645D661DCD3E}.Release|iPhoneSimulator.Build.0 = Release|Any CPU
		{3099FEA3-9FBC-4CDA-AF90-645D661DCD3E}.Release|iPhoneSimulator.Deploy.0 = Release|Any CPU
		{1D35BE42-68B0-42B3-92FF-532426931AC9}.Debug|Any CPU.ActiveCfg = Debug|Any CPU
		{1D35BE42-68B0-42B3-92FF-532426931AC9}.Debug|Any CPU.Build.0 = Debug|Any CPU
		{1D35BE42-68B0-42B3-92FF-532426931AC9}.Debug|iPhone.ActiveCfg = Debug|Any CPU
		{1D35BE42-68B0-42B3-92FF-532426931AC9}.Debug|iPhone.Build.0 = Debug|Any CPU
		{1D35BE42-68B0-42B3-92FF-532426931AC9}.Debug|iPhoneSimulator.ActiveCfg = Debug|Any CPU
		{1D35BE42-68B0-42B3-92FF-532426931AC9}.Debug|iPhoneSimulator.Build.0 = Debug|Any CPU
		{1D35BE42-68B0-42B3-92FF-532426931AC9}.Release|Any CPU.ActiveCfg = Release|Any CPU
		{1D35BE42-68B0-42B3-92FF-532426931AC9}.Release|Any CPU.Build.0 = Release|Any CPU
		{1D35BE42-68B0-42B3-92FF-532426931AC9}.Release|iPhone.ActiveCfg = Release|Any CPU
		{1D35BE42-68B0-42B3-92FF-532426931AC9}.Release|iPhone.Build.0 = Release|Any CPU
		{1D35BE42-68B0-42B3-92FF-532426931AC9}.Release|iPhoneSimulator.ActiveCfg = Release|Any CPU
		{1D35BE42-68B0-42B3-92FF-532426931AC9}.Release|iPhoneSimulator.Build.0 = Release|Any CPU
		{97470C69-C560-4817-B1A5-9A8DD7DF05D6}.Debug|Any CPU.ActiveCfg = Debug|Any CPU
		{97470C69-C560-4817-B1A5-9A8DD7DF05D6}.Debug|Any CPU.Build.0 = Debug|Any CPU
		{97470C69-C560-4817-B1A5-9A8DD7DF05D6}.Debug|iPhone.ActiveCfg = Debug|Any CPU
		{97470C69-C560-4817-B1A5-9A8DD7DF05D6}.Debug|iPhone.Build.0 = Debug|Any CPU
		{97470C69-C560-4817-B1A5-9A8DD7DF05D6}.Debug|iPhoneSimulator.ActiveCfg = Debug|Any CPU
		{97470C69-C560-4817-B1A5-9A8DD7DF05D6}.Debug|iPhoneSimulator.Build.0 = Debug|Any CPU
		{97470C69-C560-4817-B1A5-9A8DD7DF05D6}.Release|Any CPU.ActiveCfg = Release|Any CPU
		{97470C69-C560-4817-B1A5-9A8DD7DF05D6}.Release|Any CPU.Build.0 = Release|Any CPU
		{97470C69-C560-4817-B1A5-9A8DD7DF05D6}.Release|iPhone.ActiveCfg = Release|Any CPU
		{97470C69-C560-4817-B1A5-9A8DD7DF05D6}.Release|iPhone.Build.0 = Release|Any CPU
		{97470C69-C560-4817-B1A5-9A8DD7DF05D6}.Release|iPhoneSimulator.ActiveCfg = Release|Any CPU
		{97470C69-C560-4817-B1A5-9A8DD7DF05D6}.Release|iPhoneSimulator.Build.0 = Release|Any CPU
		{30047279-01FA-E984-193F-8E3B89262411}.Debug|Any CPU.ActiveCfg = Debug|Any CPU
		{30047279-01FA-E984-193F-8E3B89262411}.Debug|Any CPU.Build.0 = Debug|Any CPU
		{30047279-01FA-E984-193F-8E3B89262411}.Debug|iPhone.ActiveCfg = Debug|Any CPU
		{30047279-01FA-E984-193F-8E3B89262411}.Debug|iPhone.Build.0 = Debug|Any CPU
		{30047279-01FA-E984-193F-8E3B89262411}.Debug|iPhoneSimulator.ActiveCfg = Debug|Any CPU
		{30047279-01FA-E984-193F-8E3B89262411}.Debug|iPhoneSimulator.Build.0 = Debug|Any CPU
		{30047279-01FA-E984-193F-8E3B89262411}.Release|Any CPU.ActiveCfg = Release|Any CPU
		{30047279-01FA-E984-193F-8E3B89262411}.Release|Any CPU.Build.0 = Release|Any CPU
		{30047279-01FA-E984-193F-8E3B89262411}.Release|iPhone.ActiveCfg = Release|Any CPU
		{30047279-01FA-E984-193F-8E3B89262411}.Release|iPhone.Build.0 = Release|Any CPU
		{30047279-01FA-E984-193F-8E3B89262411}.Release|iPhoneSimulator.ActiveCfg = Release|Any CPU
		{30047279-01FA-E984-193F-8E3B89262411}.Release|iPhoneSimulator.Build.0 = Release|Any CPU
		{EBCCBAEA-FF47-978B-6ECD-942954DEF889}.Debug|Any CPU.ActiveCfg = Debug|Any CPU
		{EBCCBAEA-FF47-978B-6ECD-942954DEF889}.Debug|Any CPU.Build.0 = Debug|Any CPU
		{EBCCBAEA-FF47-978B-6ECD-942954DEF889}.Debug|iPhone.ActiveCfg = Debug|Any CPU
		{EBCCBAEA-FF47-978B-6ECD-942954DEF889}.Debug|iPhone.Build.0 = Debug|Any CPU
		{EBCCBAEA-FF47-978B-6ECD-942954DEF889}.Debug|iPhoneSimulator.ActiveCfg = Debug|Any CPU
		{EBCCBAEA-FF47-978B-6ECD-942954DEF889}.Debug|iPhoneSimulator.Build.0 = Debug|Any CPU
		{EBCCBAEA-FF47-978B-6ECD-942954DEF889}.Release|Any CPU.ActiveCfg = Release|Any CPU
		{EBCCBAEA-FF47-978B-6ECD-942954DEF889}.Release|Any CPU.Build.0 = Release|Any CPU
		{EBCCBAEA-FF47-978B-6ECD-942954DEF889}.Release|iPhone.ActiveCfg = Release|Any CPU
		{EBCCBAEA-FF47-978B-6ECD-942954DEF889}.Release|iPhone.Build.0 = Release|Any CPU
		{EBCCBAEA-FF47-978B-6ECD-942954DEF889}.Release|iPhoneSimulator.ActiveCfg = Release|Any CPU
		{EBCCBAEA-FF47-978B-6ECD-942954DEF889}.Release|iPhoneSimulator.Build.0 = Release|Any CPU
		{808362F0-2C2E-317E-640E-63740628B557}.Debug|Any CPU.ActiveCfg = Debug|Any CPU
		{808362F0-2C2E-317E-640E-63740628B557}.Debug|Any CPU.Build.0 = Debug|Any CPU
		{808362F0-2C2E-317E-640E-63740628B557}.Debug|iPhone.ActiveCfg = Debug|Any CPU
		{808362F0-2C2E-317E-640E-63740628B557}.Debug|iPhone.Build.0 = Debug|Any CPU
		{808362F0-2C2E-317E-640E-63740628B557}.Debug|iPhoneSimulator.ActiveCfg = Debug|Any CPU
		{808362F0-2C2E-317E-640E-63740628B557}.Debug|iPhoneSimulator.Build.0 = Debug|Any CPU
		{808362F0-2C2E-317E-640E-63740628B557}.Release|Any CPU.ActiveCfg = Release|Any CPU
		{808362F0-2C2E-317E-640E-63740628B557}.Release|Any CPU.Build.0 = Release|Any CPU
		{808362F0-2C2E-317E-640E-63740628B557}.Release|iPhone.ActiveCfg = Release|Any CPU
		{808362F0-2C2E-317E-640E-63740628B557}.Release|iPhone.Build.0 = Release|Any CPU
		{808362F0-2C2E-317E-640E-63740628B557}.Release|iPhoneSimulator.ActiveCfg = Release|Any CPU
		{808362F0-2C2E-317E-640E-63740628B557}.Release|iPhoneSimulator.Build.0 = Release|Any CPU
		{874AC5D8-73B2-D6ED-9667-B2B1C0CED6CC}.Debug|Any CPU.ActiveCfg = Debug|Any CPU
		{874AC5D8-73B2-D6ED-9667-B2B1C0CED6CC}.Debug|Any CPU.Build.0 = Debug|Any CPU
		{874AC5D8-73B2-D6ED-9667-B2B1C0CED6CC}.Debug|Any CPU.Deploy.0 = Debug|Any CPU
		{874AC5D8-73B2-D6ED-9667-B2B1C0CED6CC}.Debug|iPhone.ActiveCfg = Debug|Any CPU
		{874AC5D8-73B2-D6ED-9667-B2B1C0CED6CC}.Debug|iPhone.Build.0 = Debug|Any CPU
		{874AC5D8-73B2-D6ED-9667-B2B1C0CED6CC}.Debug|iPhoneSimulator.ActiveCfg = Debug|Any CPU
		{874AC5D8-73B2-D6ED-9667-B2B1C0CED6CC}.Debug|iPhoneSimulator.Build.0 = Debug|Any CPU
		{874AC5D8-73B2-D6ED-9667-B2B1C0CED6CC}.Release|Any CPU.ActiveCfg = Release|Any CPU
		{874AC5D8-73B2-D6ED-9667-B2B1C0CED6CC}.Release|Any CPU.Build.0 = Release|Any CPU
		{874AC5D8-73B2-D6ED-9667-B2B1C0CED6CC}.Release|iPhone.ActiveCfg = Release|Any CPU
		{874AC5D8-73B2-D6ED-9667-B2B1C0CED6CC}.Release|iPhone.Build.0 = Release|Any CPU
		{874AC5D8-73B2-D6ED-9667-B2B1C0CED6CC}.Release|iPhoneSimulator.ActiveCfg = Release|Any CPU
		{874AC5D8-73B2-D6ED-9667-B2B1C0CED6CC}.Release|iPhoneSimulator.Build.0 = Release|Any CPU
		{9FDA4E62-5170-F93E-3A47-066D77260BA9}.Debug|Any CPU.ActiveCfg = Debug|Any CPU
		{9FDA4E62-5170-F93E-3A47-066D77260BA9}.Debug|Any CPU.Build.0 = Debug|Any CPU
		{9FDA4E62-5170-F93E-3A47-066D77260BA9}.Debug|iPhone.ActiveCfg = Debug|Any CPU
		{9FDA4E62-5170-F93E-3A47-066D77260BA9}.Debug|iPhone.Build.0 = Debug|Any CPU
		{9FDA4E62-5170-F93E-3A47-066D77260BA9}.Debug|iPhoneSimulator.ActiveCfg = Debug|Any CPU
		{9FDA4E62-5170-F93E-3A47-066D77260BA9}.Debug|iPhoneSimulator.Build.0 = Debug|Any CPU
		{9FDA4E62-5170-F93E-3A47-066D77260BA9}.Release|Any CPU.ActiveCfg = Release|Any CPU
		{9FDA4E62-5170-F93E-3A47-066D77260BA9}.Release|Any CPU.Build.0 = Release|Any CPU
		{9FDA4E62-5170-F93E-3A47-066D77260BA9}.Release|iPhone.ActiveCfg = Release|Any CPU
		{9FDA4E62-5170-F93E-3A47-066D77260BA9}.Release|iPhone.Build.0 = Release|Any CPU
		{9FDA4E62-5170-F93E-3A47-066D77260BA9}.Release|iPhoneSimulator.ActiveCfg = Release|Any CPU
		{9FDA4E62-5170-F93E-3A47-066D77260BA9}.Release|iPhoneSimulator.Build.0 = Release|Any CPU
	EndGlobalSection
	GlobalSection(SolutionProperties) = preSolution
		HideSolutionNode = FALSE
	EndGlobalSection
	GlobalSection(ExtensibilityGlobals) = postSolution
		SolutionGuid = {2A6A730F-2FB8-4AD6-A8E0-0893178F0C1F}
	EndGlobalSection
EndGlobal
